
Microsoft Visual Studio Solution File, Format Version 12.00
# Visual Studio Version 17
VisualStudioVersion = 17.14.36301.6
MinimumVisualStudioVersion = 10.0.40219.1
Project("{FAE04EC0-301F-11D3-BF4B-00C04F79EFBC}") = "TicTacToeAPI", "TicTacToeAPI\TicTacToeAPI.csproj", "{45AD4840-B017-4DB0-B418-0C1A7DCCEC6C}"
EndProject
Project("{FAE04EC0-301F-11D3-BF4B-00C04F79EFBC}") = "TicTacToeAPI.Tests", "TicTacToeAPI.Tests\TicTacToeAPI.Tests.csproj", "{D071A2A4-79CC-4A98-92CB-65FA0498BDFB}"
EndProject
Project("{E53339B2-1760-4266-BCC7-CA923CBCF16C}") = "docker-compose", "docker-compose.dcproj", "{81DDED9D-158B-E303-5F62-77A2896D2A5A}"
EndProject
Global
	GlobalSection(SolutionConfigurationPlatforms) = preSolution
		Debug|Any CPU = Debug|Any CPU
		Release|Any CPU = Release|Any CPU
	EndGlobalSection
	GlobalSection(ProjectConfigurationPlatforms) = postSolution
		{45AD4840-B017-4DB0-B418-0C1A7DCCEC6C}.Debug|Any CPU.ActiveCfg = Debug|Any CPU
		{45AD4840-B017-4DB0-B418-0C1A7DCCEC6C}.Debug|Any CPU.Build.0 = Debug|Any CPU
		{45AD4840-B017-4DB0-B418-0C1A7DCCEC6C}.Release|Any CPU.ActiveCfg = Release|Any CPU
		{45AD4840-B017-4DB0-B418-0C1A7DCCEC6C}.Release|Any CPU.Build.0 = Release|Any CPU
		{D071A2A4-79CC-4A98-92CB-65FA0498BDFB}.Debug|Any CPU.ActiveCfg = Debug|Any CPU
		{D071A2A4-79CC-4A98-92CB-65FA0498BDFB}.Debug|Any CPU.Build.0 = Debug|Any CPU
		{D071A2A4-79CC-4A98-92CB-65FA0498BDFB}.Release|Any CPU.ActiveCfg = Release|Any CPU
		{D071A2A4-79CC-4A98-92CB-65FA0498BDFB}.Release|Any CPU.Build.0 = Release|Any CPU
		{81DDED9D-158B-E303-5F62-77A2896D2A5A}.Debug|Any CPU.ActiveCfg = Debug|Any CPU
		{81DDED9D-158B-E303-5F62-77A2896D2A5A}.Debug|Any CPU.Build.0 = Debug|Any CPU
		{81DDED9D-158B-E303-5F62-77A2896D2A5A}.Release|Any CPU.ActiveCfg = Release|Any CPU
		{81DDED9D-158B-E303-5F62-77A2896D2A5A}.Release|Any CPU.Build.0 = Release|Any CPU
	EndGlobalSection
	GlobalSection(SolutionProperties) = preSolution
		HideSolutionNode = FALSE
	EndGlobalSection
	GlobalSection(ExtensibilityGlobals) = postSolution
		SolutionGuid = {E42DD358-D31E-4AE4-824E-9D29638C66BD}
	EndGlobalSection
EndGlobal
